// !$*UTF8*$!
{
	archiveVersion = 1;
	classes = {
	};
	objectVersion = 50;
	objects = {

/* Begin PBXBuildFile section */
		8D06BD532453167300D10ED3 /* Weather.swift in Sources */ = {isa = PBXBuildFile; fileRef = 8D06BD522453167300D10ED3 /* Weather.swift */; };
		8D06BD552453367700D10ED3 /* NetworkManager.swift in Sources */ = {isa = PBXBuildFile; fileRef = 8D06BD542453367700D10ED3 /* NetworkManager.swift */; };
		8D06BD5724534E2000D10ED3 /* ImageProperties.swift in Sources */ = {isa = PBXBuildFile; fileRef = 8D06BD5624534E2000D10ED3 /* ImageProperties.swift */; };
		8DE6BF42245182FB00F35564 /* AppDelegate.swift in Sources */ = {isa = PBXBuildFile; fileRef = 8DE6BF41245182FB00F35564 /* AppDelegate.swift */; };
		8DE6BF44245182FB00F35564 /* SceneDelegate.swift in Sources */ = {isa = PBXBuildFile; fileRef = 8DE6BF43245182FB00F35564 /* SceneDelegate.swift */; };
		8DE6BF46245182FB00F35564 /* MainViewController.swift in Sources */ = {isa = PBXBuildFile; fileRef = 8DE6BF45245182FB00F35564 /* MainViewController.swift */; };
		8DE6BF49245182FB00F35564 /* Main.storyboard in Resources */ = {isa = PBXBuildFile; fileRef = 8DE6BF47245182FB00F35564 /* Main.storyboard */; };
		8DE6BF4B245182FC00F35564 /* Assets.xcassets in Resources */ = {isa = PBXBuildFile; fileRef = 8DE6BF4A245182FC00F35564 /* Assets.xcassets */; };
		8DE6BF4E245182FC00F35564 /* LaunchScreen.storyboard in Resources */ = {isa = PBXBuildFile; fileRef = 8DE6BF4C245182FC00F35564 /* LaunchScreen.storyboard */; };
		8DE6BF5A24519EEA00F35564 /* CollectionViewCell.swift in Sources */ = {isa = PBXBuildFile; fileRef = 8DE6BF5924519EEA00F35564 /* CollectionViewCell.swift */; };
		8DE6BF5C2451A85F00F35564 /* ImageViewController.swift in Sources */ = {isa = PBXBuildFile; fileRef = 8DE6BF5B2451A85F00F35564 /* ImageViewController.swift */; };
		8DE6BF5E2451BF9100F35564 /* TableViewController.swift in Sources */ = {isa = PBXBuildFile; fileRef = 8DE6BF5D2451BF9100F35564 /* TableViewController.swift */; };
/* End PBXBuildFile section */

/* Begin PBXFileReference section */
		8D06BD522453167300D10ED3 /* Weather.swift */ = {isa = PBXFileReference; lastKnownFileType = sourcecode.swift; path = Weather.swift; sourceTree = "<group>"; };
		8D06BD542453367700D10ED3 /* NetworkManager.swift */ = {isa = PBXFileReference; lastKnownFileType = sourcecode.swift; path = NetworkManager.swift; sourceTree = "<group>"; };
		8D06BD5624534E2000D10ED3 /* ImageProperties.swift */ = {isa = PBXFileReference; lastKnownFileType = sourcecode.swift; path = ImageProperties.swift; sourceTree = "<group>"; };
		8DE6BF3E245182FB00F35564 /* URLSessionTest.app */ = {isa = PBXFileReference; explicitFileType = wrapper.application; includeInIndex = 0; path = URLSessionTest.app; sourceTree = BUILT_PRODUCTS_DIR; };
		8DE6BF41245182FB00F35564 /* AppDelegate.swift */ = {isa = PBXFileReference; lastKnownFileType = sourcecode.swift; path = AppDelegate.swift; sourceTree = "<group>"; };
		8DE6BF43245182FB00F35564 /* SceneDelegate.swift */ = {isa = PBXFileReference; lastKnownFileType = sourcecode.swift; path = SceneDelegate.swift; sourceTree = "<group>"; };
		8DE6BF45245182FB00F35564 /* MainViewController.swift */ = {isa = PBXFileReference; lastKnownFileType = sourcecode.swift; path = MainViewController.swift; sourceTree = "<group>"; };
		8DE6BF48245182FB00F35564 /* Base */ = {isa = PBXFileReference; lastKnownFileType = file.storyboard; name = Base; path = Base.lproj/Main.storyboard; sourceTree = "<group>"; };
		8DE6BF4A245182FC00F35564 /* Assets.xcassets */ = {isa = PBXFileReference; lastKnownFileType = folder.assetcatalog; path = Assets.xcassets; sourceTree = "<group>"; };
		8DE6BF4D245182FC00F35564 /* Base */ = {isa = PBXFileReference; lastKnownFileType = file.storyboard; name = Base; path = Base.lproj/LaunchScreen.storyboard; sourceTree = "<group>"; };
		8DE6BF4F245182FC00F35564 /* Info.plist */ = {isa = PBXFileReference; lastKnownFileType = text.plist.xml; path = Info.plist; sourceTree = "<group>"; };
		8DE6BF5924519EEA00F35564 /* CollectionViewCell.swift */ = {isa = PBXFileReference; lastKnownFileType = sourcecode.swift; path = CollectionViewCell.swift; sourceTree = "<group>"; };
		8DE6BF5B2451A85F00F35564 /* ImageViewController.swift */ = {isa = PBXFileReference; lastKnownFileType = sourcecode.swift; path = ImageViewController.swift; sourceTree = "<group>"; };
		8DE6BF5D2451BF9100F35564 /* TableViewController.swift */ = {isa = PBXFileReference; lastKnownFileType = sourcecode.swift; path = TableViewController.swift; sourceTree = "<group>"; };
/* End PBXFileReference section */

/* Begin PBXFrameworksBuildPhase section */
		8DE6BF3B245182FB00F35564 /* Frameworks */ = {
			isa = PBXFrameworksBuildPhase;
			buildActionMask = 2147483647;
			files = (
			);
			runOnlyForDeploymentPostprocessing = 0;
		};
/* End PBXFrameworksBuildPhase section */

/* Begin PBXGroup section */
		8DE6BF35245182FB00F35564 = {
			isa = PBXGroup;
			children = (
				8DE6BF40245182FB00F35564 /* URLSessionTest */,
				8DE6BF3F245182FB00F35564 /* Products */,
			);
			sourceTree = "<group>";
		};
		8DE6BF3F245182FB00F35564 /* Products */ = {
			isa = PBXGroup;
			children = (
				8DE6BF3E245182FB00F35564 /* URLSessionTest.app */,
			);
			name = Products;
			sourceTree = "<group>";
		};
		8DE6BF40245182FB00F35564 /* URLSessionTest */ = {
			isa = PBXGroup;
			children = (
				8DE6BF41245182FB00F35564 /* AppDelegate.swift */,
				8DE6BF43245182FB00F35564 /* SceneDelegate.swift */,
				8DE6BF602451C01B00F35564 /* Model */,
				8DE6BF5F2451BFFE00F35564 /* Controllers */,
				8DE6BF47245182FB00F35564 /* Main.storyboard */,
				8DE6BF4A245182FC00F35564 /* Assets.xcassets */,
				8DE6BF4C245182FC00F35564 /* LaunchScreen.storyboard */,
				8DE6BF4F245182FC00F35564 /* Info.plist */,
			);
			path = URLSessionTest;
			sourceTree = "<group>";
		};
		8DE6BF5F2451BFFE00F35564 /* Controllers */ = {
			isa = PBXGroup;
			children = (
				8DE6BF45245182FB00F35564 /* MainViewController.swift */,
				8DE6BF5924519EEA00F35564 /* CollectionViewCell.swift */,
				8DE6BF5B2451A85F00F35564 /* ImageViewController.swift */,
				8DE6BF5D2451BF9100F35564 /* TableViewController.swift */,
			);
			path = Controllers;
			sourceTree = "<group>";
		};
		8DE6BF602451C01B00F35564 /* Model */ = {
			isa = PBXGroup;
			children = (
				8D06BD522453167300D10ED3 /* Weather.swift */,
				8D06BD5624534E2000D10ED3 /* ImageProperties.swift */,
				8D06BD542453367700D10ED3 /* NetworkManager.swift */,
			);
			path = Model;
			sourceTree = "<group>";
		};
/* End PBXGroup section */

/* Begin PBXNativeTarget section */
		8DE6BF3D245182FB00F35564 /* URLSessionTest */ = {
			isa = PBXNativeTarget;
			buildConfigurationList = 8DE6BF52245182FC00F35564 /* Build configuration list for PBXNativeTarget "URLSessionTest" */;
			buildPhases = (
				8DE6BF3A245182FB00F35564 /* Sources */,
				8DE6BF3B245182FB00F35564 /* Frameworks */,
				8DE6BF3C245182FB00F35564 /* Resources */,
			);
			buildRules = (
			);
			dependencies = (
			);
			name = URLSessionTest;
			productName = URLSessionTest;
			productReference = 8DE6BF3E245182FB00F35564 /* URLSessionTest.app */;
			productType = "com.apple.product-type.application";
		};
/* End PBXNativeTarget section */

/* Begin PBXProject section */
		8DE6BF36245182FB00F35564 /* Project object */ = {
			isa = PBXProject;
			attributes = {
				LastSwiftUpdateCheck = 1140;
				LastUpgradeCheck = 1140;
				ORGANIZATIONNAME = "Dennis Nesanoff";
				TargetAttributes = {
					8DE6BF3D245182FB00F35564 = {
						CreatedOnToolsVersion = 11.4.1;
					};
				};
			};
			buildConfigurationList = 8DE6BF39245182FB00F35564 /* Build configuration list for PBXProject "URLSessionTest" */;
			compatibilityVersion = "Xcode 9.3";
			developmentRegion = en;
			hasScannedForEncodings = 0;
			knownRegions = (
				en,
				Base,
			);
			mainGroup = 8DE6BF35245182FB00F35564;
			productRefGroup = 8DE6BF3F245182FB00F35564 /* Products */;
			projectDirPath = "";
			projectRoot = "";
			targets = (
				8DE6BF3D245182FB00F35564 /* URLSessionTest */,
			);
		};
/* End PBXProject section */

/* Begin PBXResourcesBuildPhase section */
		8DE6BF3C245182FB00F35564 /* Resources */ = {
			isa = PBXResourcesBuildPhase;
			buildActionMask = 2147483647;
			files = (
				8DE6BF4E245182FC00F35564 /* LaunchScreen.storyboard in Resources */,
				8DE6BF4B245182FC00F35564 /* Assets.xcassets in Resources */,
				8DE6BF49245182FB00F35564 /* Main.storyboard in Resources */,
			);
			runOnlyForDeploymentPostprocessing = 0;
		};
/* End PBXResourcesBuildPhase section */

/* Begin PBXSourcesBuildPhase section */
		8DE6BF3A245182FB00F35564 /* Sources */ = {
			isa = PBXSourcesBuildPhase;
			buildActionMask = 2147483647;
			files = (
				8DE6BF46245182FB00F35564 /* MainViewController.swift in Sources */,
				8DE6BF5E2451BF9100F35564 /* TableViewController.swift in Sources */,
				8DE6BF42245182FB00F35564 /* AppDelegate.swift in Sources */,
				8DE6BF5C2451A85F00F35564 /* ImageViewController.swift in Sources */,
				8D06BD552453367700D10ED3 /* NetworkManager.swift in Sources */,
				8DE6BF5A24519EEA00F35564 /* CollectionViewCell.swift in Sources */,
				8DE6BF44245182FB00F35564 /* SceneDelegate.swift in Sources */,
				8D06BD532453167300D10ED3 /* Weather.swift in Sources */,
				8D06BD5724534E2000D10ED3 /* ImageProperties.swift in Sources */,
			);
			runOnlyForDeploymentPostprocessing = 0;
		};
/* End PBXSourcesBuildPhase section */

/* Begin PBXVariantGroup section */
		8DE6BF47245182FB00F35564 /* Main.storyboard */ = {
			isa = PBXVariantGroup;
			children = (
				8DE6BF48245182FB00F35564 /* Base */,
			);
			name = Main.storyboard;
			sourceTree = "<group>";
		};
		8DE6BF4C245182FC00F35564 /* LaunchScreen.storyboard */ = {
			isa = PBXVariantGroup;
			children = (
				8DE6BF4D245182FC00F35564 /* Base */,
			);
			name = LaunchScreen.storyboard;
			sourceTree = "<group>";
		};
/* End PBXVariantGroup section */

/* Begin XCBuildConfiguration section */
		8DE6BF50245182FC00F35564 /* Debug */ = {
			isa = XCBuildConfiguration;
			buildSettings = {
				ALWAYS_SEARCH_USER_PATHS = NO;
				CLANG_ANALYZER_NONNULL = YES;
				CLANG_ANALYZER_NUMBER_OBJECT_CONVERSION = YES_AGGRESSIVE;
				CLANG_CXX_LANGUAGE_STANDARD = "gnu++14";
				CLANG_CXX_LIBRARY = "libc++";
				CLANG_ENABLE_MODULES = YES;
				CLANG_ENABLE_OBJC_ARC = YES;
				CLANG_ENABLE_OBJC_WEAK = YES;
				CLANG_WARN_BLOCK_CAPTURE_AUTORELEASING = YES;
				CLANG_WARN_BOOL_CONVERSION = YES;
				CLANG_WARN_COMMA = YES;
				CLANG_WARN_CONSTANT_CONVERSION = YES;
				CLANG_WARN_DEPRECATED_OBJC_IMPLEMENTATIONS = YES;
				CLANG_WARN_DIRECT_OBJC_ISA_USAGE = YES_ERROR;
				CLANG_WARN_DOCUMENTATION_COMMENTS = YES;
				CLANG_WARN_EMPTY_BODY = YES;
				CLANG_WARN_ENUM_CONVERSION = YES;
				CLANG_WARN_INFINITE_RECURSION = YES;
				CLANG_WARN_INT_CONVERSION = YES;
				CLANG_WARN_NON_LITERAL_NULL_CONVERSION = YES;
				CLANG_WARN_OBJC_IMPLICIT_RETAIN_SELF = YES;
				CLANG_WARN_OBJC_LITERAL_CONVERSION = YES;
				CLANG_WARN_OBJC_ROOT_CLASS = YES_ERROR;
				CLANG_WARN_RANGE_LOOP_ANALYSIS = YES;
				CLANG_WARN_STRICT_PROTOTYPES = YES;
				CLANG_WARN_SUSPICIOUS_MOVE = YES;
				CLANG_WARN_UNGUARDED_AVAILABILITY = YES_AGGRESSIVE;
				CLANG_WARN_UNREACHABLE_CODE = YES;
				CLANG_WARN__DUPLICATE_METHOD_MATCH = YES;
				COPY_PHASE_STRIP = NO;
				DEBUG_INFORMATION_FORMAT = dwarf;
				ENABLE_STRICT_OBJC_MSGSEND = YES;
				ENABLE_TESTABILITY = YES;
				GCC_C_LANGUAGE_STANDARD = gnu11;
				GCC_DYNAMIC_NO_PIC = NO;
				GCC_NO_COMMON_BLOCKS = YES;
				GCC_OPTIMIZATION_LEVEL = 0;
				GCC_PREPROCESSOR_DEFINITIONS = (
					"DEBUG=1",
					"$(inherited)",
				);
				GCC_WARN_64_TO_32_BIT_CONVERSION = YES;
				GCC_WARN_ABOUT_RETURN_TYPE = YES_ERROR;
				GCC_WARN_UNDECLARED_SELECTOR = YES;
				GCC_WARN_UNINITIALIZED_AUTOS = YES_AGGRESSIVE;
				GCC_WARN_UNUSED_FUNCTION = YES;
				GCC_WARN_UNUSED_VARIABLE = YES;
				IPHONEOS_DEPLOYMENT_TARGET = 13.4;
				MTL_ENABLE_DEBUG_INFO = INCLUDE_SOURCE;
				MTL_FAST_MATH = YES;
				ONLY_ACTIVE_ARCH = YES;
				SDKROOT = iphoneos;
				SWIFT_ACTIVE_COMPILATION_CONDITIONS = DEBUG;
				SWIFT_OPTIMIZATION_LEVEL = "-Onone";
			};
			name = Debug;
		};
		8DE6BF51245182FC00F35564 /* Release */ = {
			isa = XCBuildConfiguration;
			buildSettings = {
				ALWAYS_SEARCH_USER_PATHS = NO;
				CLANG_ANALYZER_NONNULL = YES;
				CLANG_ANALYZER_NUMBER_OBJECT_CONVERSION = YES_AGGRESSIVE;
				CLANG_CXX_LANGUAGE_STANDARD = "gnu++14";
				CLANG_CXX_LIBRARY = "libc++";
				CLANG_ENABLE_MODULES = YES;
				CLANG_ENABLE_OBJC_ARC = YES;
				CLANG_ENABLE_OBJC_WEAK = YES;
				CLANG_WARN_BLOCK_CAPTURE_AUTORELEASING = YES;
				CLANG_WARN_BOOL_CONVERSION = YES;
				CLANG_WARN_COMMA = YES;
				CLANG_WARN_CONSTANT_CONVERSION = YES;
				CLANG_WARN_DEPRECATED_OBJC_IMPLEMENTATIONS = YES;
				CLANG_WARN_DIRECT_OBJC_ISA_USAGE = YES_ERROR;
				CLANG_WARN_DOCUMENTATION_COMMENTS = YES;
				CLANG_WARN_EMPTY_BODY = YES;
				CLANG_WARN_ENUM_CONVERSION = YES;
				CLANG_WARN_INFINITE_RECURSION = YES;
				CLANG_WARN_INT_CONVERSION = YES;
				CLANG_WARN_NON_LITERAL_NULL_CONVERSION = YES;
				CLANG_WARN_OBJC_IMPLICIT_RETAIN_SELF = YES;
				CLANG_WARN_OBJC_LITERAL_CONVERSION = YES;
				CLANG_WARN_OBJC_ROOT_CLASS = YES_ERROR;
				CLANG_WARN_RANGE_LOOP_ANALYSIS = YES;
				CLANG_WARN_STRICT_PROTOTYPES = YES;
				CLANG_WARN_SUSPICIOUS_MOVE = YES;
				CLANG_WARN_UNGUARDED_AVAILABILITY = YES_AGGRESSIVE;
				CLANG_WARN_UNREACHABLE_CODE = YES;
				CLANG_WARN__DUPLICATE_METHOD_MATCH = YES;
				COPY_PHASE_STRIP = NO;
				DEBUG_INFORMATION_FORMAT = "dwarf-with-dsym";
				ENABLE_NS_ASSERTIONS = NO;
				ENABLE_STRICT_OBJC_MSGSEND = YES;
				GCC_C_LANGUAGE_STANDARD = gnu11;
				GCC_NO_COMMON_BLOCKS = YES;
				GCC_WARN_64_TO_32_BIT_CONVERSION = YES;
				GCC_WARN_ABOUT_RETURN_TYPE = YES_ERROR;
				GCC_WARN_UNDECLARED_SELECTOR = YES;
				GCC_WARN_UNINITIALIZED_AUTOS = YES_AGGRESSIVE;
				GCC_WARN_UNUSED_FUNCTION = YES;
				GCC_WARN_UNUSED_VARIABLE = YES;
				IPHONEOS_DEPLOYMENT_TARGET = 13.4;
				MTL_ENABLE_DEBUG_INFO = NO;
				MTL_FAST_MATH = YES;
				SDKROOT = iphoneos;
				SWIFT_COMPILATION_MODE = wholemodule;
				SWIFT_OPTIMIZATION_LEVEL = "-O";
				VALIDATE_PRODUCT = YES;
			};
			name = Release;
		};
		8DE6BF53245182FC00F35564 /* Debug */ = {
			isa = XCBuildConfiguration;
			buildSettings = {
				ASSETCATALOG_COMPILER_APPICON_NAME = AppIcon;
				CODE_SIGN_STYLE = Automatic;
				DEVELOPMENT_TEAM = C4R95F3PX7;
				INFOPLIST_FILE = URLSessionTest/Info.plist;
				LD_RUNPATH_SEARCH_PATHS = (
					"$(inherited)",
					"@executable_path/Frameworks",
				);
				PRODUCT_BUNDLE_IDENTIFIER = com.nesanoff.URLSessionTest;
				PRODUCT_NAME = "$(TARGET_NAME)";
				SWIFT_VERSION = 5.0;
				TARGETED_DEVICE_FAMILY = "1,2";
			};
			name = Debug;
		};
		8DE6BF54245182FC00F35564 /* Release */ = {
			isa = XCBuildConfiguration;
			buildSettings = {
				ASSETCATALOG_COMPILER_APPICON_NAME = AppIcon;
				CODE_SIGN_STYLE = Automatic;
				DEVELOPMENT_TEAM = C4R95F3PX7;
				INFOPLIST_FILE = URLSessionTest/Info.plist;
				LD_RUNPATH_SEARCH_PATHS = (
					"$(inherited)",
					"@executable_path/Frameworks",
				);
				PRODUCT_BUNDLE_IDENTIFIER = com.nesanoff.URLSessionTest;
				PRODUCT_NAME = "$(TARGET_NAME)";
				SWIFT_VERSION = 5.0;
				TARGETED_DEVICE_FAMILY = "1,2";
			};
			name = Release;
		};
/* End XCBuildConfiguration section */

/* Begin XCConfigurationList section */
		8DE6BF39245182FB00F35564 /* Build configuration list for PBXProject "URLSessionTest" */ = {
			isa = XCConfigurationList;
			buildConfigurations = (
				8DE6BF50245182FC00F35564 /* Debug */,
				8DE6BF51245182FC00F35564 /* Release */,
			);
			defaultConfigurationIsVisible = 0;
			defaultConfigurationName = Release;
		};
		8DE6BF52245182FC00F35564 /* Build configuration list for PBXNativeTarget "URLSessionTest" */ = {
			isa = XCConfigurationList;
			buildConfigurations = (
				8DE6BF53245182FC00F35564 /* Debug */,
				8DE6BF54245182FC00F35564 /* Release */,
			);
			defaultConfigurationIsVisible = 0;
			defaultConfigurationName = Release;
		};
/* End XCConfigurationList section */
	};
	rootObject = 8DE6BF36245182FB00F35564 /* Project object */;
}
